// !$*UTF8*$!
{
	archiveVersion = 1;
	classes = {
	};
	objectVersion = 46;
	objects = {

/* Begin PBXFileReference section */
		0311CEF517B8256D007118FE /* GameBoard.h */ = {isa = PBXFileReference; fileEncoding = 4; lastKnownFileType = sourcecode.c.h; path = GameBoard.h; sourceTree = "<group>"; };
		0311CEF617B8256D007118FE /* GlobalTypes.h */ = {isa = PBXFileReference; fileEncoding = 4; lastKnownFileType = sourcecode.c.h; path = GlobalTypes.h; sourceTree = "<group>"; };
		0311CEF717B8256D007118FE /* Player.h */ = {isa = PBXFileReference; fileEncoding = 4; lastKnownFileType = sourcecode.c.h; path = Player.h; sourceTree = "<group>"; };
		0311CEF817B8256D007118FE /* Tile.h */ = {isa = PBXFileReference; fileEncoding = 4; lastKnownFileType = sourcecode.c.h; path = Tile.h; sourceTree = "<group>"; };
		0311CEF917B8256D007118FE /* Vertex.h */ = {isa = PBXFileReference; fileEncoding = 4; lastKnownFileType = sourcecode.c.h; path = Vertex.h; sourceTree = "<group>"; };
		0311CEFB17B8256D007118FE /* GameBoard.cpp */ = {isa = PBXFileReference; fileEncoding = 4; lastKnownFileType = sourcecode.cpp.cpp; path = GameBoard.cpp; sourceTree = "<group>"; };
		0311CEFC17B8256D007118FE /* GlobalTypes.cpp */ = {isa = PBXFileReference; fileEncoding = 4; lastKnownFileType = sourcecode.cpp.cpp; path = GlobalTypes.cpp; sourceTree = "<group>"; };
		0311CEFD17B8256D007118FE /* Player.cpp */ = {isa = PBXFileReference; fileEncoding = 4; lastKnownFileType = sourcecode.cpp.cpp; path = Player.cpp; sourceTree = "<group>"; };
		0311CEFE17B8256D007118FE /* Tile.cpp */ = {isa = PBXFileReference; fileEncoding = 4; lastKnownFileType = sourcecode.cpp.cpp; path = Tile.cpp; sourceTree = "<group>"; };
		0311CEFF17B8256D007118FE /* Vertex.cpp */ = {isa = PBXFileReference; fileEncoding = 4; lastKnownFileType = sourcecode.cpp.cpp; path = Vertex.cpp; sourceTree = "<group>"; };
		0311CF0017B82582007118FE /* Makefile */ = {isa = PBXFileReference; fileEncoding = 4; lastKnownFileType = sourcecode.make; path = Makefile; sourceTree = "<group>"; };
		0311CF0117B83238007118FE /* main.cpp */ = {isa = PBXFileReference; fileEncoding = 4; lastKnownFileType = sourcecode.cpp.cpp; path = main.cpp; sourceTree = "<group>"; };
		0375890217B86B26001ACA45 /* DecisionModels.cpp */ = {isa = PBXFileReference; fileEncoding = 4; lastKnownFileType = sourcecode.cpp.cpp; path = DecisionModels.cpp; sourceTree = "<group>"; };
		0375890417B86D0A001ACA45 /* Game.cpp */ = {isa = PBXFileReference; fileEncoding = 4; lastKnownFileType = sourcecode.cpp.cpp; name = Game.cpp; path = src/Game.cpp; sourceTree = SOURCE_ROOT; };
		0375890617B86DCE001ACA45 /* DecisionModels.h */ = {isa = PBXFileReference; fileEncoding = 4; lastKnownFileType = sourcecode.c.h; path = DecisionModels.h; sourceTree = "<group>"; };
		0375890717B86DCE001ACA45 /* Game.h */ = {isa = PBXFileReference; fileEncoding = 4; lastKnownFileType = sourcecode.c.h; path = Game.h; sourceTree = "<group>"; };
		0399D22D17B8370B00D1D6EA /* Resource.h */ = {isa = PBXFileReference; fileEncoding = 4; lastKnownFileType = sourcecode.c.h; path = Resource.h; sourceTree = "<group>"; };
		0399D22E17B8371300D1D6EA /* Resource.cpp */ = {isa = PBXFileReference; lastKnownFileType = sourcecode.cpp.cpp; path = Resource.cpp; sourceTree = "<group>"; };
/* End PBXFileReference section */

/* Begin PBXGroup section */
		0311CEE917B82543007118FE = {
			isa = PBXGroup;
			children = (
				0311CF0017B82582007118FE /* Makefile */,
				0311CEF417B8256D007118FE /* include */,
				0311CEFA17B8256D007118FE /* src */,
			);
			sourceTree = "<group>";
		};
		0311CEF417B8256D007118FE /* include */ = {
			isa = PBXGroup;
			children = (
				0375890617B86DCE001ACA45 /* DecisionModels.h */,
				0375890717B86DCE001ACA45 /* Game.h */,
				0311CEF517B8256D007118FE /* GameBoard.h */,
				0311CEF617B8256D007118FE /* GlobalTypes.h */,
				0311CEF717B8256D007118FE /* Player.h */,
				0311CEF817B8256D007118FE /* Tile.h */,
				0311CEF917B8256D007118FE /* Vertex.h */,
				0399D22D17B8370B00D1D6EA /* Resource.h */,
			);
			path = include;
			sourceTree = "<group>";
		};
		0311CEFA17B8256D007118FE /* src */ = {
			isa = PBXGroup;
			children = (
				0375890417B86D0A001ACA45 /* Game.cpp */,
				0311CEFB17B8256D007118FE /* GameBoard.cpp */,
				0311CEFC17B8256D007118FE /* GlobalTypes.cpp */,
				0311CEFD17B8256D007118FE /* Player.cpp */,
				0311CEFE17B8256D007118FE /* Tile.cpp */,
				0311CEFF17B8256D007118FE /* Vertex.cpp */,
				0311CF0117B83238007118FE /* main.cpp */,
				0399D22E17B8371300D1D6EA /* Resource.cpp */,
				0375890217B86B26001ACA45 /* DecisionModels.cpp */,
			);
			path = src;
			sourceTree = "<group>";
		};
/* End PBXGroup section */

/* Begin PBXLegacyTarget section */
		0311CEEE17B82543007118FE /* CatanAI */ = {
			isa = PBXLegacyTarget;
			buildArgumentsString = "$(ACTION)";
			buildConfigurationList = 0311CEF117B82543007118FE /* Build configuration list for PBXLegacyTarget "CatanAI" */;
			buildPhases = (
			);
			buildToolPath = /usr/bin/make;
			dependencies = (
			);
			name = CatanAI;
			passBuildSettingsInEnvironment = 1;
			productName = CatanAI;
		};
/* End PBXLegacyTarget section */

/* Begin PBXProject section */
		0311CEEA17B82543007118FE /* Project object */ = {
			isa = PBXProject;
			attributes = {
				LastUpgradeCheck = 0460;
				ORGANIZATIONNAME = "Erik E. Beerepoot";
			};
			buildConfigurationList = 0311CEED17B82543007118FE /* Build configuration list for PBXProject "CatanAI" */;
			compatibilityVersion = "Xcode 3.2";
			developmentRegion = English;
			hasScannedForEncodings = 0;
			knownRegions = (
				en,
			);
			mainGroup = 0311CEE917B82543007118FE;
			projectDirPath = "";
			projectRoot = "";
			targets = (
				0311CEEE17B82543007118FE /* CatanAI */,
			);
		};
/* End PBXProject section */

/* Begin XCBuildConfiguration section */
		0311CEEF17B82543007118FE /* Debug */ = {
			isa = XCBuildConfiguration;
			buildSettings = {
				ALWAYS_SEARCH_USER_PATHS = NO;
				ARCHS = "$(ARCHS_STANDARD_64_BIT)";
				CLANG_CXX_LANGUAGE_STANDARD = "gnu++0x";
				CLANG_CXX_LIBRARY = "libc++";
				CLANG_WARN_CONSTANT_CONVERSION = YES;
				CLANG_WARN_EMPTY_BODY = YES;
				CLANG_WARN_ENUM_CONVERSION = YES;
				CLANG_WARN_INT_CONVERSION = YES;
				CLANG_WARN__DUPLICATE_METHOD_MATCH = YES;
				COPY_PHASE_STRIP = NO;
				GCC_C_LANGUAGE_STANDARD = gnu99;
				GCC_DYNAMIC_NO_PIC = NO;
				GCC_ENABLE_OBJC_EXCEPTIONS = YES;
				GCC_OPTIMIZATION_LEVEL = 0;
				GCC_PREPROCESSOR_DEFINITIONS = (
					"DEBUG=1",
					"$(inherited)",
				);
				GCC_SYMBOLS_PRIVATE_EXTERN = NO;
				GCC_WARN_64_TO_32_BIT_CONVERSION = YES;
				GCC_WARN_ABOUT_RETURN_TYPE = YES;
				GCC_WARN_UNINITIALIZED_AUTOS = YES;
				GCC_WARN_UNUSED_VARIABLE = YES;
				MACOSX_DEPLOYMENT_TARGET = 10.8;
				ONLY_ACTIVE_ARCH = YES;
				SDKROOT = macosx;
			};
			name = Debug;
		};
		0311CEF017B82543007118FE /* Release */ = {
			isa = XCBuildConfiguration;
			buildSettings = {
				ALWAYS_SEARCH_USER_PATHS = NO;
				ARCHS = "$(ARCHS_STANDARD_64_BIT)";
				CLANG_CXX_LANGUAGE_STANDARD = "gnu++0x";
				CLANG_CXX_LIBRARY = "libc++";
				CLANG_WARN_CONSTANT_CONVERSION = YES;
				CLANG_WARN_EMPTY_BODY = YES;
				CLANG_WARN_ENUM_CONVERSION = YES;
				CLANG_WARN_INT_CONVERSION = YES;
				CLANG_WARN__DUPLICATE_METHOD_MATCH = YES;
				COPY_PHASE_STRIP = YES;
				DEBUG_INFORMATION_FORMAT = "dwarf-with-dsym";
				GCC_C_LANGUAGE_STANDARD = gnu99;
				GCC_ENABLE_OBJC_EXCEPTIONS = YES;
				GCC_WARN_64_TO_32_BIT_CONVERSION = YES;
				GCC_WARN_ABOUT_RETURN_TYPE = YES;
				GCC_WARN_UNINITIALIZED_AUTOS = YES;
				GCC_WARN_UNUSED_VARIABLE = YES;
				MACOSX_DEPLOYMENT_TARGET = 10.8;
				SDKROOT = macosx;
			};
			name = Release;
		};
		0311CEF217B82543007118FE /* Debug */ = {
			isa = XCBuildConfiguration;
			buildSettings = {
				DEBUGGING_SYMBOLS = YES;
				GCC_GENERATE_DEBUGGING_SYMBOLS = YES;
				GCC_OPTIMIZATION_LEVEL = 0;
				OTHER_CFLAGS = "";
				OTHER_LDFLAGS = "";
				PRODUCT_NAME = "$(TARGET_NAME)";
			};
			name = Debug;
		};
		0311CEF317B82543007118FE /* Release */ = {
			isa = XCBuildConfiguration;
			buildSettings = {
				OTHER_CFLAGS = "";
				OTHER_LDFLAGS = "";
				PRODUCT_NAME = "$(TARGET_NAME)";
			};
			name = Release;
		};
/* End XCBuildConfiguration section */

/* Begin XCConfigurationList section */
		0311CEED17B82543007118FE /* Build configuration list for PBXProject "CatanAI" */ = {
			isa = XCConfigurationList;
			buildConfigurations = (
				0311CEEF17B82543007118FE /* Debug */,
				0311CEF017B82543007118FE /* Release */,
			);
			defaultConfigurationIsVisible = 0;
			defaultConfigurationName = Release;
		};
		0311CEF117B82543007118FE /* Build configuration list for PBXLegacyTarget "CatanAI" */ = {
			isa = XCConfigurationList;
			buildConfigurations = (
				0311CEF217B82543007118FE /* Debug */,
				0311CEF317B82543007118FE /* Release */,
			);
			defaultConfigurationIsVisible = 0;
			defaultConfigurationName = Release;
		};
/* End XCConfigurationList section */
	};
	rootObject = 0311CEEA17B82543007118FE /* Project object */;
}
